// !$*UTF8*$!
{
	archiveVersion = 1;
	classes = {
	};
	objectVersion = 77;
	objects = {

/* Begin PBXBuildFile section */
		D52D51B52FBA6FD00037F6C4 /* MLXAudioCore in Frameworks */ = {isa = PBXBuildFile; productRef = D52D51B42FBA6FD00037F6C4 /* MLXAudioCore */; };
		D52D51BF2FBA6FD00037F6C4 /* MLXAudioTTS in Frameworks */ = {isa = PBXBuildFile; productRef = D52D51BE2FBA6FD00037F6C4 /* MLXAudioTTS */; };
		D59BDE252FBF93C100080D3F /* WhisperKit in Frameworks */ = {isa = PBXBuildFile; productRef = D59BDE242FBF93C100080D3F /* WhisperKit */; };
/* End PBXBuildFile section */

/* Begin PBXContainerItemProxy section */
		D5ECD2282FB78D5B00C23A9D /* PBXContainerItemProxy */ = {
			isa = PBXContainerItemProxy;
			containerPortal = D5ECD2102FB78D5A00C23A9D /* Project object */;
			proxyType = 1;
			remoteGlobalIDString = D5ECD2172FB78D5A00C23A9D;
			remoteInfo = "pocket-tts-macos";
		};
		D5ECD2322FB78D5B00C23A9D /* PBXContainerItemProxy */ = {
			isa = PBXContainerItemProxy;
			containerPortal = D5ECD2102FB78D5A00C23A9D /* Project object */;
			proxyType = 1;
			remoteGlobalIDString = D5ECD2172FB78D5A00C23A9D;
			remoteInfo = "pocket-tts-macos";
		};
/* End PBXContainerItemProxy section */

/* Begin PBXFileReference section */
		D5ECD2182FB78D5A00C23A9D /* pocket-tts-macos.app */ = {isa = PBXFileReference; explicitFileType = wrapper.application; includeInIndex = 0; path = "pocket-tts-macos.app"; sourceTree = BUILT_PRODUCTS_DIR; };
		D5ECD2272FB78D5B00C23A9D /* pocket-tts-macosTests.xctest */ = {isa = PBXFileReference; explicitFileType = wrapper.cfbundle; includeInIndex = 0; path = "pocket-tts-macosTests.xctest"; sourceTree = BUILT_PRODUCTS_DIR; };
		D5ECD2312FB78D5B00C23A9D /* pocket-tts-macosUITests.xctest */ = {isa = PBXFileReference; explicitFileType = wrapper.cfbundle; includeInIndex = 0; path = "pocket-tts-macosUITests.xctest"; sourceTree = BUILT_PRODUCTS_DIR; };
/* End PBXFileReference section */

/* Begin PBXFileSystemSynchronizedRootGroup section */
		D5ECD21A2FB78D5A00C23A9D /* pocket-tts-macos */ = {
			isa = PBXFileSystemSynchronizedRootGroup;
			path = "pocket-tts-macos";
			sourceTree = "<group>";
		};
		D5ECD22A2FB78D5B00C23A9D /* pocket-tts-macosTests */ = {
			isa = PBXFileSystemSynchronizedRootGroup;
			path = "pocket-tts-macosTests";
			sourceTree = "<group>";
		};
		D5ECD2342FB78D5B00C23A9D /* pocket-tts-macosUITests */ = {
			isa = PBXFileSystemSynchronizedRootGroup;
			path = "pocket-tts-macosUITests";
			sourceTree = "<group>";
		};
/* End PBXFileSystemSynchronizedRootGroup section */

/* Begin PBXFrameworksBuildPhase section */
		D5ECD2152FB78D5A00C23A9D /* Frameworks */ = {
			isa = PBXFrameworksBuildPhase;
			buildActionMask = 2147483647;
			files = (
				D59BDE252FBF93C100080D3F /* WhisperKit in Frameworks */,
				D52D51BF2FBA6FD00037F6C4 /* MLXAudioTTS in Frameworks */,
				D52D51B52FBA6FD00037F6C4 /* MLXAudioCore in Frameworks */,
			);
			runOnlyForDeploymentPostprocessing = 0;
		};
		D5ECD2242FB78D5B00C23A9D /* Frameworks */ = {
			isa = PBXFrameworksBuildPhase;
			buildActionMask = 2147483647;
			files = (
			);
			runOnlyForDeploymentPostprocessing = 0;
		};
		D5ECD22E2FB78D5B00C23A9D /* Frameworks */ = {
			isa = PBXFrameworksBuildPhase;
			buildActionMask = 2147483647;
			files = (
			);
			runOnlyForDeploymentPostprocessing = 0;
		};
/* End PBXFrameworksBuildPhase section */

/* Begin PBXGroup section */
		D5ECD20F2FB78D5A00C23A9D = {
			isa = PBXGroup;
			children = (
				D5ECD21A2FB78D5A00C23A9D /* pocket-tts-macos */,
				D5ECD22A2FB78D5B00C23A9D /* pocket-tts-macosTests */,
				D5ECD2342FB78D5B00C23A9D /* pocket-tts-macosUITests */,
				D5ECD2192FB78D5A00C23A9D /* Products */,
			);
			sourceTree = "<group>";
		};
		D5ECD2192FB78D5A00C23A9D /* Products */ = {
			isa = PBXGroup;
			children = (
				D5ECD2182FB78D5A00C23A9D /* pocket-tts-macos.app */,
				D5ECD2272FB78D5B00C23A9D /* pocket-tts-macosTests.xctest */,
				D5ECD2312FB78D5B00C23A9D /* pocket-tts-macosUITests.xctest */,
			);
			name = Products;
			sourceTree = "<group>";
		};
/* End PBXGroup section */

/* Begin PBXNativeTarget section */
		D5ECD2172FB78D5A00C23A9D /* pocket-tts-macos */ = {
			isa = PBXNativeTarget;
			buildConfigurationList = D5ECD23B2FB78D5B00C23A9D /* Build configuration list for PBXNativeTarget "pocket-tts-macos" */;
			buildPhases = (
				D5ECD2142FB78D5A00C23A9D /* Sources */,
				D5ECD2152FB78D5A00C23A9D /* Frameworks */,
				D5ECD2162FB78D5A00C23A9D /* Resources */,
			);
			buildRules = (
			);
			dependencies = (
			);
			fileSystemSynchronizedGroups = (
				D5ECD21A2FB78D5A00C23A9D /* pocket-tts-macos */,
			);
			name = "pocket-tts-macos";
			packageProductDependencies = (
				D52D51B42FBA6FD00037F6C4 /* MLXAudioCore */,
				D52D51BE2FBA6FD00037F6C4 /* MLXAudioTTS */,
				D59BDE242FBF93C100080D3F /* WhisperKit */,
			);
			productName = "pocket-tts-macos";
			productReference = D5ECD2182FB78D5A00C23A9D /* pocket-tts-macos.app */;
			productType = "com.apple.product-type.application";
		};
		D5ECD2262FB78D5B00C23A9D /* pocket-tts-macosTests */ = {
			isa = PBXNativeTarget;
			buildConfigurationList = D5ECD23E2FB78D5B00C23A9D /* Build configuration list for PBXNativeTarget "pocket-tts-macosTests" */;
			buildPhases = (
				D5ECD2232FB78D5B00C23A9D /* Sources */,
				D5ECD2242FB78D5B00C23A9D /* Frameworks */,
				D5ECD2252FB78D5B00C23A9D /* Resources */,
			);
			buildRules = (
			);
			dependencies = (
				D5ECD2292FB78D5B00C23A9D /* PBXTargetDependency */,
			);
			fileSystemSynchronizedGroups = (
				D5ECD22A2FB78D5B00C23A9D /* pocket-tts-macosTests */,
			);
			name = "pocket-tts-macosTests";
			packageProductDependencies = (
			);
			productName = "pocket-tts-macosTests";
			productReference = D5ECD2272FB78D5B00C23A9D /* pocket-tts-macosTests.xctest */;
			productType = "com.apple.product-type.bundle.unit-test";
		};
		D5ECD2302FB78D5B00C23A9D /* pocket-tts-macosUITests */ = {
			isa = PBXNativeTarget;
			buildConfigurationList = D5ECD2412FB78D5B00C23A9D /* Build configuration list for PBXNativeTarget "pocket-tts-macosUITests" */;
			buildPhases = (
				D5ECD22D2FB78D5B00C23A9D /* Sources */,
				D5ECD22E2FB78D5B00C23A9D /* Frameworks */,
				D5ECD22F2FB78D5B00C23A9D /* Resources */,
			);
			buildRules = (
			);
			dependencies = (
				D5ECD2332FB78D5B00C23A9D /* PBXTargetDependency */,
			);
			fileSystemSynchronizedGroups = (
				D5ECD2342FB78D5B00C23A9D /* pocket-tts-macosUITests */,
			);
			name = "pocket-tts-macosUITests";
			packageProductDependencies = (
			);
			productName = "pocket-tts-macosUITests";
			productReference = D5ECD2312FB78D5B00C23A9D /* pocket-tts-macosUITests.xctest */;
			productType = "com.apple.product-type.bundle.ui-testing";
		};
/* End PBXNativeTarget section */

/* Begin PBXProject section */
		D5ECD2102FB78D5A00C23A9D /* Project object */ = {
			isa = PBXProject;
			attributes = {
				BuildIndependentTargetsInParallel = 1;
				LastSwiftUpdateCheck = 2600;
				LastUpgradeCheck = 2600;
				TargetAttributes = {
					D5ECD2172FB78D5A00C23A9D = {
						CreatedOnToolsVersion = 26.0;
					};
					D5ECD2262FB78D5B00C23A9D = {
						CreatedOnToolsVersion = 26.0;
						TestTargetID = D5ECD2172FB78D5A00C23A9D;
					};
					D5ECD2302FB78D5B00C23A9D = {
						CreatedOnToolsVersion = 26.0;
						TestTargetID = D5ECD2172FB78D5A00C23A9D;
					};
				};
			};
			buildConfigurationList = D5ECD2132FB78D5A00C23A9D /* Build configuration list for PBXProject "pocket-tts-macos" */;
			developmentRegion = en;
			hasScannedForEncodings = 0;
			knownRegions = (
				en,
				Base,
			);
			mainGroup = D5ECD20F2FB78D5A00C23A9D;
			minimizedProjectReferenceProxies = 1;
			packageReferences = (
				D52D51AF2FBA6FD00037F6C4 /* XCRemoteSwiftPackageReference "mlx-audio-swift" */,
				D59BDE232FBF93C100080D3F /* XCRemoteSwiftPackageReference "WhisperKit" */,
			);
			preferredProjectObjectVersion = 77;
			productRefGroup = D5ECD2192FB78D5A00C23A9D /* Products */;
			projectDirPath = "";
			projectRoot = "";
			targets = (
				D5ECD2172FB78D5A00C23A9D /* pocket-tts-macos */,
				D5ECD2262FB78D5B00C23A9D /* pocket-tts-macosTests */,
				D5ECD2302FB78D5B00C23A9D /* pocket-tts-macosUITests */,
			);
		};
/* End PBXProject section */

/* Begin PBXResourcesBuildPhase section */
		D5ECD2162FB78D5A00C23A9D /* Resources */ = {
			isa = PBXResourcesBuildPhase;
			buildActionMask = 2147483647;
			files = (
			);
			runOnlyForDeploymentPostprocessing = 0;
		};
		D5ECD2252FB78D5B00C23A9D /* Resources */ = {
			isa = PBXResourcesBuildPhase;
			buildActionMask = 2147483647;
			files = (
			);
			runOnlyForDeploymentPostprocessing = 0;
		};
		D5ECD22F2FB78D5B00C23A9D /* Resources */ = {
			isa = PBXResourcesBuildPhase;
			buildActionMask = 2147483647;
			files = (
			);
			runOnlyForDeploymentPostprocessing = 0;
		};
/* End PBXResourcesBuildPhase section */

/* Begin PBXSourcesBuildPhase section */
		D5ECD2142FB78D5A00C23A9D /* Sources */ = {
			isa = PBXSourcesBuildPhase;
			buildActionMask = 2147483647;
			files = (
			);
			runOnlyForDeploymentPostprocessing = 0;
		};
		D5ECD2232FB78D5B00C23A9D /* Sources */ = {
			isa = PBXSourcesBuildPhase;
			buildActionMask = 2147483647;
			files = (
			);
			runOnlyForDeploymentPostprocessing = 0;
		};
		D5ECD22D2FB78D5B00C23A9D /* Sources */ = {
			isa = PBXSourcesBuildPhase;
			buildActionMask = 2147483647;
			files = (
			);
			runOnlyForDeploymentPostprocessing = 0;
		};
/* End PBXSourcesBuildPhase section */

/* Begin PBXTargetDependency section */
		D5ECD2292FB78D5B00C23A9D /* PBXTargetDependency */ = {
			isa = PBXTargetDependency;
			target = D5ECD2172FB78D5A00C23A9D /* pocket-tts-macos */;
			targetProxy = D5ECD2282FB78D5B00C23A9D /* PBXContainerItemProxy */;
		};
		D5ECD2332FB78D5B00C23A9D /* PBXTargetDependency */ = {
			isa = PBXTargetDependency;
			target = D5ECD2172FB78D5A00C23A9D /* pocket-tts-macos */;
			targetProxy = D5ECD2322FB78D5B00C23A9D /* PBXContainerItemProxy */;
		};
/* End PBXTargetDependency section */

/* Begin XCBuildConfiguration section */
		D5ECD2392FB78D5B00C23A9D /* Debug */ = {
			isa = XCBuildConfiguration;
			buildSettings = {
				ALWAYS_SEARCH_USER_PATHS = NO;
				ASSETCATALOG_COMPILER_GENERATE_SWIFT_ASSET_SYMBOL_EXTENSIONS = YES;
				CLANG_ANALYZER_NONNULL = YES;
				CLANG_ANALYZER_NUMBER_OBJECT_CONVERSION = YES_AGGRESSIVE;
				CLANG_CXX_LANGUAGE_STANDARD = "gnu++20";
				CLANG_ENABLE_MODULES = YES;
				CLANG_ENABLE_OBJC_ARC = YES;
				CLANG_ENABLE_OBJC_WEAK = YES;
				CLANG_WARN_BLOCK_CAPTURE_AUTORELEASING = YES;
				CLANG_WARN_BOOL_CONVERSION = YES;
				CLANG_WARN_COMMA = YES;
				CLANG_WARN_CONSTANT_CONVERSION = YES;
				CLANG_WARN_DEPRECATED_OBJC_IMPLEMENTATIONS = YES;
				CLANG_WARN_DIRECT_OBJC_ISA_USAGE = YES_ERROR;
				CLANG_WARN_DOCUMENTATION_COMMENTS = YES;
				CLANG_WARN_EMPTY_BODY = YES;
				CLANG_WARN_ENUM_CONVERSION = YES;
				CLANG_WARN_INFINITE_RECURSION = YES;
				CLANG_WARN_INT_CONVERSION = YES;
				CLANG_WARN_NON_LITERAL_NULL_CONVERSION = YES;
				CLANG_WARN_OBJC_IMPLICIT_RETAIN_SELF = YES;
				CLANG_WARN_OBJC_LITERAL_CONVERSION = YES;
				CLANG_WARN_OBJC_ROOT_CLASS = YES_ERROR;
				CLANG_WARN_QUOTED_INCLUDE_IN_FRAMEWORK_HEADER = YES;
				CLANG_WARN_RANGE_LOOP_ANALYSIS = YES;
				CLANG_WARN_STRICT_PROTOTYPES = YES;
				CLANG_WARN_SUSPICIOUS_MOVE = YES;
				CLANG_WARN_UNGUARDED_AVAILABILITY = YES_AGGRESSIVE;
				CLANG_WARN_UNREACHABLE_CODE = YES;
				CLANG_WARN__DUPLICATE_METHOD_MATCH = YES;
				COPY_PHASE_STRIP = NO;
				DEBUG_INFORMATION_FORMAT = dwarf;
				DEVELOPMENT_TEAM = KNK7DF7Q76;
				ENABLE_STRICT_OBJC_MSGSEND = YES;
				ENABLE_TESTABILITY = YES;
				ENABLE_USER_SCRIPT_SANDBOXING = YES;
				GCC_C_LANGUAGE_STANDARD = gnu17;
				GCC_DYNAMIC_NO_PIC = NO;
				GCC_NO_COMMON_BLOCKS = YES;
				GCC_OPTIMIZATION_LEVEL = 0;
				GCC_PREPROCESSOR_DEFINITIONS = (
					"DEBUG=1",
					"$(inherited)",
				);
				GCC_WARN_64_TO_32_BIT_CONVERSION = YES;
				GCC_WARN_ABOUT_RETURN_TYPE = YES_ERROR;
				GCC_WARN_UNDECLARED_SELECTOR = YES;
				GCC_WARN_UNINITIALIZED_AUTOS = YES_AGGRESSIVE;
				GCC_WARN_UNUSED_FUNCTION = YES;
				GCC_WARN_UNUSED_VARIABLE = YES;
				LOCALIZATION_PREFERS_STRING_CATALOGS = YES;
				MACOSX_DEPLOYMENT_TARGET = 15.0;
				MTL_ENABLE_DEBUG_INFO = INCLUDE_SOURCE;
				MTL_FAST_MATH = YES;
				ONLY_ACTIVE_ARCH = YES;
				SDKROOT = macosx;
				SWIFT_ACTIVE_COMPILATION_CONDITIONS = "DEBUG $(inherited)";
				SWIFT_OPTIMIZATION_LEVEL = "-Onone";
			};
			name = Debug;
		};
		D5ECD23A2FB78D5B00C23A9D /* Release */ = {
			isa = XCBuildConfiguration;
			buildSettings = {
				ALWAYS_SEARCH_USER_PATHS = NO;
				ASSETCATALOG_COMPILER_GENERATE_SWIFT_ASSET_SYMBOL_EXTENSIONS = YES;
				CLANG_ANALYZER_NONNULL = YES;
				CLANG_ANALYZER_NUMBER_OBJECT_CONVERSION = YES_AGGRESSIVE;
				CLANG_CXX_LANGUAGE_STANDARD = "gnu++20";
				CLANG_ENABLE_MODULES = YES;
				CLANG_ENABLE_OBJC_ARC = YES;
				CLANG_ENABLE_OBJC_WEAK = YES;
				CLANG_WARN_BLOCK_CAPTURE_AUTORELEASING = YES;
				CLANG_WARN_BOOL_CONVERSION = YES;
				CLANG_WARN_COMMA = YES;
				CLANG_WARN_CONSTANT_CONVERSION = YES;
				CLANG_WARN_DEPRECATED_OBJC_IMPLEMENTATIONS = YES;
				CLANG_WARN_DIRECT_OBJC_ISA_USAGE = YES_ERROR;
				CLANG_WARN_DOCUMENTATION_COMMENTS = YES;
				CLANG_WARN_EMPTY_BODY = YES;
				CLANG_WARN_ENUM_CONVERSION = YES;
				CLANG_WARN_INFINITE_RECURSION = YES;
				CLANG_WARN_INT_CONVERSION = YES;
				CLANG_WARN_NON_LITERAL_NULL_CONVERSION = YES;
				CLANG_WARN_OBJC_IMPLICIT_RETAIN_SELF = YES;
				CLANG_WARN_OBJC_LITERAL_CONVERSION = YES;
				CLANG_WARN_OBJC_ROOT_CLASS = YES_ERROR;
				CLANG_WARN_QUOTED_INCLUDE_IN_FRAMEWORK_HEADER = YES;
				CLANG_WARN_RANGE_LOOP_ANALYSIS = YES;
				CLANG_WARN_STRICT_PROTOTYPES = YES;
				CLANG_WARN_SUSPICIOUS_MOVE = YES;
				CLANG_WARN_UNGUARDED_AVAILABILITY = YES_AGGRESSIVE;
				CLANG_WARN_UNREACHABLE_CODE = YES;
				CLANG_WARN__DUPLICATE_METHOD_MATCH = YES;
				COPY_PHASE_STRIP = NO;
				DEBUG_INFORMATION_FORMAT = "dwarf-with-dsym";
				DEVELOPMENT_TEAM = KNK7DF7Q76;
				ENABLE_NS_ASSERTIONS = NO;
				ENABLE_STRICT_OBJC_MSGSEND = YES;
				ENABLE_USER_SCRIPT_SANDBOXING = YES;
				EXCLUDED_ARCHS = x86_64;
				GCC_C_LANGUAGE_STANDARD = gnu17;
				GCC_NO_COMMON_BLOCKS = YES;
				GCC_WARN_64_TO_32_BIT_CONVERSION = YES;
				GCC_WARN_ABOUT_RETURN_TYPE = YES_ERROR;
				GCC_WARN_UNDECLARED_SELECTOR = YES;
				GCC_WARN_UNINITIALIZED_AUTOS = YES_AGGRESSIVE;
				GCC_WARN_UNUSED_FUNCTION = YES;
				GCC_WARN_UNUSED_VARIABLE = YES;
				LOCALIZATION_PREFERS_STRING_CATALOGS = YES;
				MACOSX_DEPLOYMENT_TARGET = 15.0;
				MTL_ENABLE_DEBUG_INFO = NO;
				MTL_FAST_MATH = YES;
				SDKROOT = macosx;
				SWIFT_COMPILATION_MODE = wholemodule;
			};
			name = Release;
		};
		D5ECD23C2FB78D5B00C23A9D /* Debug */ = {
			isa = XCBuildConfiguration;
			buildSettings = {
				ASSETCATALOG_COMPILER_APPICON_NAME = AppIcon;
				ASSETCATALOG_COMPILER_GLOBAL_ACCENT_COLOR_NAME = AccentColor;
				ASSETCATALOG_COMPILER_INCLUDE_ALL_APPICON_ASSETS = YES;
				CODE_SIGN_ENTITLEMENTS = "pocket-tts-macos/pocket_tts_macos.entitlements";
				CODE_SIGN_STYLE = Automatic;
				COMBINE_HIDPI_IMAGES = YES;
				CURRENT_PROJECT_VERSION = 1;
				DEVELOPMENT_TEAM = KNK7DF7Q76;
				ENABLE_APP_SANDBOX = YES;
				ENABLE_FILE_ACCESS_DOWNLOADS_FOLDER = readwrite;
				ENABLE_HARDENED_RUNTIME = YES;
				ENABLE_INCOMING_NETWORK_CONNECTIONS = NO;
				ENABLE_OUTGOING_NETWORK_CONNECTIONS = NO;
				ENABLE_PREVIEWS = YES;
				ENABLE_RESOURCE_ACCESS_AUDIO_INPUT = NO;
				ENABLE_RESOURCE_ACCESS_BLUETOOTH = NO;
				ENABLE_RESOURCE_ACCESS_CALENDARS = NO;
				ENABLE_RESOURCE_ACCESS_CAMERA = NO;
				ENABLE_RESOURCE_ACCESS_CONTACTS = NO;
				ENABLE_RESOURCE_ACCESS_LOCATION = NO;
				ENABLE_RESOURCE_ACCESS_PRINTING = NO;
				ENABLE_RESOURCE_ACCESS_USB = NO;
				ENABLE_USER_SELECTED_FILES = readwrite;
				GENERATE_INFOPLIST_FILE = YES;
				INFOPLIST_KEY_CFBundleDisplayName = "Pocket-TTS macOS";
				INFOPLIST_KEY_LSApplicationCategoryType = "public.app-category.utilities";
				INFOPLIST_KEY_NSHumanReadableCopyright = "";
				INFOPLIST_KEY_NSMicrophoneUsageDescription = "Pocket TTS uses the microphone to dictate your chat messages.";
				INFOPLIST_KEY_NSSpeechRecognitionUsageDescription = "Pocket TTS uses on-device speech recognition to transcribe your dictated chat messages.";
				LD_RUNPATH_SEARCH_PATHS = (
					"$(inherited)",
					"@executable_path/../Frameworks",
				);
				MACOSX_DEPLOYMENT_TARGET = 15.0;
				MARKETING_VERSION = 1.2;
				PRODUCT_BUNDLE_IDENTIFIER = "com.slaughters85j.pocket-tts-macos";
				PRODUCT_NAME = "$(TARGET_NAME)";
				REGISTER_APP_GROUPS = YES;
				STRING_CATALOG_GENERATE_SYMBOLS = YES;
				SWIFT_APPROACHABLE_CONCURRENCY = YES;
				SWIFT_DEFAULT_ACTOR_ISOLATION = MainActor;
				SWIFT_EMIT_LOC_STRINGS = YES;
				SWIFT_UPCOMING_FEATURE_MEMBER_IMPORT_VISIBILITY = YES;
				SWIFT_VERSION = 6.0;
			};
			name = Debug;
		};
		D5ECD23D2FB78D5B00C23A9D /* Release */ = {
			isa = XCBuildConfiguration;
			buildSettings = {
				ASSETCATALOG_COMPILER_APPICON_NAME = AppIcon;
				ASSETCATALOG_COMPILER_GLOBAL_ACCENT_COLOR_NAME = AccentColor;
				ASSETCATALOG_COMPILER_INCLUDE_ALL_APPICON_ASSETS = YES;
				CODE_SIGN_ENTITLEMENTS = "pocket-tts-macos/pocket_tts_macos.entitlements";
				CODE_SIGN_STYLE = Automatic;
				COMBINE_HIDPI_IMAGES = YES;
				CURRENT_PROJECT_VERSION = 1;
				DEVELOPMENT_TEAM = KNK7DF7Q76;
				ENABLE_APP_SANDBOX = YES;
				ENABLE_FILE_ACCESS_DOWNLOADS_FOLDER = readwrite;
				ENABLE_HARDENED_RUNTIME = YES;
				ENABLE_INCOMING_NETWORK_CONNECTIONS = NO;
				ENABLE_OUTGOING_NETWORK_CONNECTIONS = NO;
				ENABLE_PREVIEWS = YES;
				ENABLE_RESOURCE_ACCESS_AUDIO_INPUT = NO;
				ENABLE_RESOURCE_ACCESS_BLUETOOTH = NO;
				ENABLE_RESOURCE_ACCESS_CALENDARS = NO;
				ENABLE_RESOURCE_ACCESS_CAMERA = NO;
				ENABLE_RESOURCE_ACCESS_CONTACTS = NO;
				ENABLE_RESOURCE_ACCESS_LOCATION = NO;
				ENABLE_RESOURCE_ACCESS_PRINTING = NO;
				ENABLE_RESOURCE_ACCESS_USB = NO;
				ENABLE_USER_SELECTED_FILES = readwrite;
				GENERATE_INFOPLIST_FILE = YES;
				INFOPLIST_KEY_CFBundleDisplayName = "Pocket-TTS macOS";
				INFOPLIST_KEY_LSApplicationCategoryType = "public.app-category.utilities";
				INFOPLIST_KEY_NSHumanReadableCopyright = "";
				INFOPLIST_KEY_NSMicrophoneUsageDescription = "Pocket TTS uses the microphone to dictate your chat messages.";
				INFOPLIST_KEY_NSSpeechRecognitionUsageDescription = "Pocket TTS uses on-device speech recognition to transcribe your dictated chat messages.";
				LD_RUNPATH_SEARCH_PATHS = (
					"$(inherited)",
					"@executable_path/../Frameworks",
				);
				MACOSX_DEPLOYMENT_TARGET = 15.0;
				MARKETING_VERSION = 1.2;
				PRODUCT_BUNDLE_IDENTIFIER = "com.slaughters85j.pocket-tts-macos";
				PRODUCT_NAME = "$(TARGET_NAME)";
				REGISTER_APP_GROUPS = YES;
				STRING_CATALOG_GENERATE_SYMBOLS = YES;
				SWIFT_APPROACHABLE_CONCURRENCY = YES;
				SWIFT_DEFAULT_ACTOR_ISOLATION = MainActor;
				SWIFT_EMIT_LOC_STRINGS = YES;
				SWIFT_UPCOMING_FEATURE_MEMBER_IMPORT_VISIBILITY = YES;
				SWIFT_VERSION = 6.0;
			};
			name = Release;
		};
		D5ECD23F2FB78D5B00C23A9D /* Debug */ = {
			isa = XCBuildConfiguration;
			buildSettings = {
				BUNDLE_LOADER = "$(TEST_HOST)";
				CODE_SIGN_STYLE = Automatic;
				CURRENT_PROJECT_VERSION = 1;
				DEVELOPMENT_TEAM = KNK7DF7Q76;
				GENERATE_INFOPLIST_FILE = YES;
				MACOSX_DEPLOYMENT_TARGET = 15.0;
				MARKETING_VERSION = 1.0;
				PRODUCT_BUNDLE_IDENTIFIER = "com.slaughters85j.pocket-tts-macosTests";
				PRODUCT_NAME = "$(TARGET_NAME)";
				STRING_CATALOG_GENERATE_SYMBOLS = NO;
				SWIFT_APPROACHABLE_CONCURRENCY = YES;
				SWIFT_EMIT_LOC_STRINGS = NO;
				SWIFT_UPCOMING_FEATURE_MEMBER_IMPORT_VISIBILITY = YES;
				SWIFT_VERSION = 6.0;
				TEST_HOST = "$(BUILT_PRODUCTS_DIR)/pocket-tts-macos.app/$(BUNDLE_EXECUTABLE_FOLDER_PATH)/pocket-tts-macos";
			};
			name = Debug;
		};
		D5ECD2402FB78D5B00C23A9D /* Release */ = {
			isa = XCBuildConfiguration;
			buildSettings = {
				BUNDLE_LOADER = "$(TEST_HOST)";
				CODE_SIGN_STYLE = Automatic;
				CURRENT_PROJECT_VERSION = 1;
				DEVELOPMENT_TEAM = KNK7DF7Q76;
				GENERATE_INFOPLIST_FILE = YES;
				MACOSX_DEPLOYMENT_TARGET = 15.0;
				MARKETING_VERSION = 1.0;
				PRODUCT_BUNDLE_IDENTIFIER = "com.slaughters85j.pocket-tts-macosTests";
				PRODUCT_NAME = "$(TARGET_NAME)";
				STRING_CATALOG_GENERATE_SYMBOLS = NO;
				SWIFT_APPROACHABLE_CONCURRENCY = YES;
				SWIFT_EMIT_LOC_STRINGS = NO;
				SWIFT_UPCOMING_FEATURE_MEMBER_IMPORT_VISIBILITY = YES;
				SWIFT_VERSION = 6.0;
				TEST_HOST = "$(BUILT_PRODUCTS_DIR)/pocket-tts-macos.app/$(BUNDLE_EXECUTABLE_FOLDER_PATH)/pocket-tts-macos";
			};
			name = Release;
		};
		D5ECD2422FB78D5B00C23A9D /* Debug */ = {
			isa = XCBuildConfiguration;
			buildSettings = {
				CODE_SIGN_STYLE = Automatic;
				CURRENT_PROJECT_VERSION = 1;
				DEVELOPMENT_TEAM = KNK7DF7Q76;
				GENERATE_INFOPLIST_FILE = YES;
				MARKETING_VERSION = 1.0;
				PRODUCT_BUNDLE_IDENTIFIER = "com.slaughters85j.pocket-tts-macosUITests";
				PRODUCT_NAME = "$(TARGET_NAME)";
				STRING_CATALOG_GENERATE_SYMBOLS = NO;
				SWIFT_APPROACHABLE_CONCURRENCY = YES;
				SWIFT_EMIT_LOC_STRINGS = NO;
				SWIFT_UPCOMING_FEATURE_MEMBER_IMPORT_VISIBILITY = YES;
				SWIFT_VERSION = 6.0;
				TEST_TARGET_NAME = "pocket-tts-macos";
			};
			name = Debug;
		};
		D5ECD2432FB78D5B00C23A9D /* Release */ = {
			isa = XCBuildConfiguration;
			buildSettings = {
				CODE_SIGN_STYLE = Automatic;
				CURRENT_PROJECT_VERSION = 1;
				DEVELOPMENT_TEAM = KNK7DF7Q76;
				GENERATE_INFOPLIST_FILE = YES;
				MARKETING_VERSION = 1.0;
				PRODUCT_BUNDLE_IDENTIFIER = "com.slaughters85j.pocket-tts-macosUITests";
				PRODUCT_NAME = "$(TARGET_NAME)";
				STRING_CATALOG_GENERATE_SYMBOLS = NO;
				SWIFT_APPROACHABLE_CONCURRENCY = YES;
				SWIFT_EMIT_LOC_STRINGS = NO;
				SWIFT_UPCOMING_FEATURE_MEMBER_IMPORT_VISIBILITY = YES;
				SWIFT_VERSION = 6.0;
				TEST_TARGET_NAME = "pocket-tts-macos";
			};
			name = Release;
		};
/* End XCBuildConfiguration section */

/* Begin XCConfigurationList section */
		D5ECD2132FB78D5A00C23A9D /* Build configuration list for PBXProject "pocket-tts-macos" */ = {
			isa = XCConfigurationList;
			buildConfigurations = (
				D5ECD2392FB78D5B00C23A9D /* Debug */,
				D5ECD23A2FB78D5B00C23A9D /* Release */,
			);
			defaultConfigurationIsVisible = 0;
			defaultConfigurationName = Release;
		};
		D5ECD23B2FB78D5B00C23A9D /* Build configuration list for PBXNativeTarget "pocket-tts-macos" */ = {
			isa = XCConfigurationList;
			buildConfigurations = (
				D5ECD23C2FB78D5B00C23A9D /* Debug */,
				D5ECD23D2FB78D5B00C23A9D /* Release */,
			);
			defaultConfigurationIsVisible = 0;
			defaultConfigurationName = Release;
		};
		D5ECD23E2FB78D5B00C23A9D /* Build configuration list for PBXNativeTarget "pocket-tts-macosTests" */ = {
			isa = XCConfigurationList;
			buildConfigurations = (
				D5ECD23F2FB78D5B00C23A9D /* Debug */,
				D5ECD2402FB78D5B00C23A9D /* Release */,
			);
			defaultConfigurationIsVisible = 0;
			defaultConfigurationName = Release;
		};
		D5ECD2412FB78D5B00C23A9D /* Build configuration list for PBXNativeTarget "pocket-tts-macosUITests" */ = {
			isa = XCConfigurationList;
			buildConfigurations = (
				D5ECD2422FB78D5B00C23A9D /* Debug */,
				D5ECD2432FB78D5B00C23A9D /* Release */,
			);
			defaultConfigurationIsVisible = 0;
			defaultConfigurationName = Release;
		};
/* End XCConfigurationList section */

/* Begin XCRemoteSwiftPackageReference section */
		D52D51AF2FBA6FD00037F6C4 /* XCRemoteSwiftPackageReference "mlx-audio-swift" */ = {
			isa = XCRemoteSwiftPackageReference;
			repositoryURL = "https://github.com/slaughters85j/mlx-audio-swift.git";
			requirement = {
				branch = main;
				kind = branch;
			};
		};
		D59BDE232FBF93C100080D3F /* XCRemoteSwiftPackageReference "WhisperKit" */ = {
			isa = XCRemoteSwiftPackageReference;
			repositoryURL = "https://github.com/argmaxinc/WhisperKit";
			requirement = {
				kind = exactVersion;
				version = 1.0.0;
			};
		};
/* End XCRemoteSwiftPackageReference section */

/* Begin XCSwiftPackageProductDependency section */
		D52D51B42FBA6FD00037F6C4 /* MLXAudioCore */ = {
			isa = XCSwiftPackageProductDependency;
			package = D52D51AF2FBA6FD00037F6C4 /* XCRemoteSwiftPackageReference "mlx-audio-swift" */;
			productName = MLXAudioCore;
		};
		D52D51BE2FBA6FD00037F6C4 /* MLXAudioTTS */ = {
			isa = XCSwiftPackageProductDependency;
			package = D52D51AF2FBA6FD00037F6C4 /* XCRemoteSwiftPackageReference "mlx-audio-swift" */;
			productName = MLXAudioTTS;
		};
		D59BDE242FBF93C100080D3F /* WhisperKit */ = {
			isa = XCSwiftPackageProductDependency;
			package = D59BDE232FBF93C100080D3F /* XCRemoteSwiftPackageReference "WhisperKit" */;
			productName = WhisperKit;
		};
/* End XCSwiftPackageProductDependency section */
	};
	rootObject = D5ECD2102FB78D5A00C23A9D /* Project object */;
}
